
Microsoft Visual Studio Solution File, Format Version 12.00
# Visual Studio Version 17
VisualStudioVersion = 17.8.34511.84
MinimumVisualStudioVersion = 10.0.40219.1
Project("{9A19103F-16F7-4668-BE54-9A1E7A4F7556}") = "ConsolePro1", "ConsolePro1\ConsolePro1.csproj", "{1B2DF165-DA69-48C2-A68C-F14AF24B3061}"
EndProject
Project("{FAE04EC0-301F-11D3-BF4B-00C04F79EFBC}") = "libPro1", "libPro1\libPro1.csproj", "{6E98F4D3-DAAE-4345-A288-A7DDD4811BA9}"
EndProject
Global
	GlobalSection(SolutionConfigurationPlatforms) = preSolution
		Debug|Any CPU = Debug|Any CPU
		Release|Any CPU = Release|Any CPU
	EndGlobalSection
	GlobalSection(ProjectConfigurationPlatforms) = postSolution
		{1B2DF165-DA69-48C2-A68C-F14AF24B3061}.Debug|Any CPU.ActiveCfg = Debug|Any CPU
		{1B2DF165-DA69-48C2-A68C-F14AF24B3061}.Debug|Any CPU.Build.0 = Debug|Any CPU
		{1B2DF165-DA69-48C2-A68C-F14AF24B3061}.Release|Any CPU.ActiveCfg = Release|Any CPU
		{1B2DF165-DA69-48C2-A68C-F14AF24B3061}.Release|Any CPU.Build.0 = Release|Any CPU
		{6E98F4D3-DAAE-4345-A288-A7DDD4811BA9}.Debug|Any CPU.ActiveCfg = Debug|Any CPU
		{6E98F4D3-DAAE-4345-A288-A7DDD4811BA9}.Debug|Any CPU.Build.0 = Debug|Any CPU
		{6E98F4D3-DAAE-4345-A288-A7DDD4811BA9}.Release|Any CPU.ActiveCfg = Release|Any CPU
		{6E98F4D3-DAAE-4345-A288-A7DDD4811BA9}.Release|Any CPU.Build.0 = Release|Any CPU
	EndGlobalSection
	GlobalSection(SolutionProperties) = preSolution
		HideSolutionNode = FALSE
	EndGlobalSection
	GlobalSection(ExtensibilityGlobals) = postSolution
		SolutionGuid = {D9566679-4752-45CA-ACC9-4D962DEA7096}
	EndGlobalSection
EndGlobal
